
Microsoft Visual Studio Solution File, Format Version 12.00
# Visual Studio Version 16
VisualStudioVersion = 16.0.29102.190
MinimumVisualStudioVersion = 10.0.40219.1
Project("{FAE04EC0-301F-11D3-BF4B-00C04F79EFBC}") = "MilseyEngine", "MilseyEngine\MilseyEngine.csproj", "{0723B432-7323-408B-8A5F-EEB28F53514E}"
EndProject
Global
	GlobalSection(SolutionConfigurationPlatforms) = preSolution
		Debug|Any CPU = Debug|Any CPU
		Release|Any CPU = Release|Any CPU
	EndGlobalSection
	GlobalSection(ProjectConfigurationPlatforms) = postSolution
		{0723B432-7323-408B-8A5F-EEB28F53514E}.Debug|Any CPU.ActiveCfg = Debug|Any CPU
		{0723B432-7323-408B-8A5F-EEB28F53514E}.Debug|Any CPU.Build.0 = Debug|Any CPU
		{0723B432-7323-408B-8A5F-EEB28F53514E}.Release|Any CPU.ActiveCfg = Release|Any CPU
		{0723B432-7323-408B-8A5F-EEB28F53514E}.Release|Any CPU.Build.0 = Release|Any CPU
	EndGlobalSection
	GlobalSection(SolutionProperties) = preSolution
		HideSolutionNode = FALSE
	EndGlobalSection
	GlobalSection(ExtensibilityGlobals) = postSolution
		SolutionGuid = {4DDBCD51-59CF-44F7-BA7F-6FDB1A129B3C}
	EndGlobalSection
EndGlobal
